
Microsoft Visual Studio Solution File, Format Version 12.00
# Visual Studio Version 16
VisualStudioVersion = 16.0.31019.35
MinimumVisualStudioVersion = 10.0.40219.1
Project("{FAE04EC0-301F-11D3-BF4B-00C04F79EFBC}") = "VideoAnalyzerAPI", "VideoAnalyzerAPI\VideoAnalyzerAPI.csproj", "{7CC775B1-A787-4E04-A27E-224EB890776A}"
EndProject
Global
	GlobalSection(SolutionConfigurationPlatforms) = preSolution
		Debug|Any CPU = Debug|Any CPU
		Release|Any CPU = Release|Any CPU
	EndGlobalSection
	GlobalSection(ProjectConfigurationPlatforms) = postSolution
		{7CC775B1-A787-4E04-A27E-224EB890776A}.Debug|Any CPU.ActiveCfg = Debug|Any CPU
		{7CC775B1-A787-4E04-A27E-224EB890776A}.Debug|Any CPU.Build.0 = Debug|Any CPU
		{7CC775B1-A787-4E04-A27E-224EB890776A}.Release|Any CPU.ActiveCfg = Release|Any CPU
		{7CC775B1-A787-4E04-A27E-224EB890776A}.Release|Any CPU.Build.0 = Release|Any CPU
	EndGlobalSection
	GlobalSection(SolutionProperties) = preSolution
		HideSolutionNode = FALSE
	EndGlobalSection
	GlobalSection(ExtensibilityGlobals) = postSolution
		SolutionGuid = {D3CA4E39-7253-4595-B83A-01E0663EC30D}
	EndGlobalSection
EndGlobal
